{
  "name": "polytype-dev",
  "lockfileVersion": 3,
  "requires": true,
  "packages": {
    "": {
      "name": "polytype-dev",
      "devDependencies": {
        "devalue": "5.9.2",
        "typescript": "6.0.3"
      }
    },
    "node_modules/devalue": {
      "version": "5.9.2",
      "resolved": "https://registry.npmjs.org/devalue/-/devalue-5.9.2.tgz",
      "integrity": "sha512-po4PAY5c53tw5XMocSnf8A/5OHhbbUftpr93aEN6BBoAdntUmK7vu7wOATqvt7cXO7m1Cl4gMVn6p7n6n4mj0w==",
      "dev": true,
      "license": "MIT"
    },
    "node_modules/typescript": {
      "version": "6.0.3",
      "resolved": "https://registry.npmjs.org/typescript/-/typescript-6.0.3.tgz",
      "integrity": "sha512-y2TvuxSZPDyQakkFRPZHKFm+KKVqIisdg9/CZwm9ftvKXLP8NRWj38/ODjNbr43SsoXqNuAisEf1GdCxqWcdBw==",
      "dev": true,
      "license": "Apache-2.0",
      "bin": {
        "tsc": "bin/tsc",
        "tsserver": "bin/tsserver"
      },
      "engines": {
        "node": ">=14.17"
      }
    }
  }
}
